// !$*UTF8*$!
{
	archiveVersion = 1;
	classes = {
	};
	objectVersion = 50;
	objects = {

/* Begin PBXBuildFile section */
		109B02311B27A8FD52894320 /* Pods_gameWords.framework in Frameworks */ = {isa = PBXBuildFile; fileRef = 7F2D5044D4A67A69F2F0D826 /* Pods_gameWords.framework */; };
		2D39AE1122638DBB00B7B061 /* ListOpponentsViewController.swift in Sources */ = {isa = PBXBuildFile; fileRef = 2D39AE1022638DBB00B7B061 /* ListOpponentsViewController.swift */; };
		50760F1E22A61C5D00A07291 /* InfoViewController.swift in Sources */ = {isa = PBXBuildFile; fileRef = 50760F1D22A61C5D00A07291 /* InfoViewController.swift */; };
		50760F2022A61CA000A07291 /* InfoTableViewCell.swift in Sources */ = {isa = PBXBuildFile; fileRef = 50760F1F22A61CA000A07291 /* InfoTableViewCell.swift */; };
		50760F2222A61D6C00A07291 /* DetailViewController.swift in Sources */ = {isa = PBXBuildFile; fileRef = 50760F2122A61D6C00A07291 /* DetailViewController.swift */; };
		9B697BB8229281CA005BCBFA /* CustomCell.swift in Sources */ = {isa = PBXBuildFile; fileRef = 9B697BB7229281CA005BCBFA /* CustomCell.swift */; };
		9B80229A223D86050008FC5A /* AppDelegate.swift in Sources */ = {isa = PBXBuildFile; fileRef = 9B802299223D86050008FC5A /* AppDelegate.swift */; };
		9B80229C223D86050008FC5A /* ViewController.swift in Sources */ = {isa = PBXBuildFile; fileRef = 9B80229B223D86050008FC5A /* ViewController.swift */; };
		9B80229F223D86050008FC5A /* Main.storyboard in Resources */ = {isa = PBXBuildFile; fileRef = 9B80229D223D86050008FC5A /* Main.storyboard */; };
		9B8022A1223D86080008FC5A /* Assets.xcassets in Resources */ = {isa = PBXBuildFile; fileRef = 9B8022A0223D86080008FC5A /* Assets.xcassets */; };
		9B8022A4223D86080008FC5A /* LaunchScreen.storyboard in Resources */ = {isa = PBXBuildFile; fileRef = 9B8022A2223D86080008FC5A /* LaunchScreen.storyboard */; };
		9B8022AC223D893D0008FC5A /* GoogleService-Info.plist in Resources */ = {isa = PBXBuildFile; fileRef = 9B8022AB223D893D0008FC5A /* GoogleService-Info.plist */; };
		9B8022AF223D93440008FC5A /* SignUpViewController.swift in Sources */ = {isa = PBXBuildFile; fileRef = 9B8022AE223D93440008FC5A /* SignUpViewController.swift */; };
		9B8022B1223D934E0008FC5A /* LoginViewController.swift in Sources */ = {isa = PBXBuildFile; fileRef = 9B8022B0223D934E0008FC5A /* LoginViewController.swift */; };
		9BA7DDD8224BDEB500B6D103 /* HomeViewController.swift in Sources */ = {isa = PBXBuildFile; fileRef = 9BA7DDD7224BDEB500B6D103 /* HomeViewController.swift */; };
		9BAE78E62291771C007C29D9 /* GameController.swift in Sources */ = {isa = PBXBuildFile; fileRef = 9BAE78E52291771C007C29D9 /* GameController.swift */; };
		9BAE78E8229179E5007C29D9 /* Question.swift in Sources */ = {isa = PBXBuildFile; fileRef = 9BAE78E7229179E5007C29D9 /* Question.swift */; };
		9BF2B26F22A3F71900F72F4C /* OpponentsCell.swift in Sources */ = {isa = PBXBuildFile; fileRef = 9BF2B26E22A3F71900F72F4C /* OpponentsCell.swift */; };
		9BF2B27122A401E200F72F4C /* CustomCell2.swift in Sources */ = {isa = PBXBuildFile; fileRef = 9BF2B27022A401E200F72F4C /* CustomCell2.swift */; };
		9BF8A0CD2292B7BF00B492B7 /* GameMenuController.swift in Sources */ = {isa = PBXBuildFile; fileRef = 9BF8A0CC2292B7BF00B492B7 /* GameMenuController.swift */; };
/* End PBXBuildFile section */

/* Begin PBXFileReference section */
		2D39AE1022638DBB00B7B061 /* ListOpponentsViewController.swift */ = {isa = PBXFileReference; lastKnownFileType = sourcecode.swift; path = ListOpponentsViewController.swift; sourceTree = "<group>"; };
		50760F1D22A61C5D00A07291 /* InfoViewController.swift */ = {isa = PBXFileReference; lastKnownFileType = sourcecode.swift; path = InfoViewController.swift; sourceTree = "<group>"; };
		50760F1F22A61CA000A07291 /* InfoTableViewCell.swift */ = {isa = PBXFileReference; lastKnownFileType = sourcecode.swift; path = InfoTableViewCell.swift; sourceTree = "<group>"; };
		50760F2122A61D6C00A07291 /* DetailViewController.swift */ = {isa = PBXFileReference; lastKnownFileType = sourcecode.swift; path = DetailViewController.swift; sourceTree = "<group>"; };
		79490A98E4BEB3E2F7E85FE5 /* Pods-gameWords.release.xcconfig */ = {isa = PBXFileReference; includeInIndex = 1; lastKnownFileType = text.xcconfig; name = "Pods-gameWords.release.xcconfig"; path = "Target Support Files/Pods-gameWords/Pods-gameWords.release.xcconfig"; sourceTree = "<group>"; };
		7F2D5044D4A67A69F2F0D826 /* Pods_gameWords.framework */ = {isa = PBXFileReference; explicitFileType = wrapper.framework; includeInIndex = 0; path = Pods_gameWords.framework; sourceTree = BUILT_PRODUCTS_DIR; };
		814AA2DAC9C875CAD4C4314A /* Pods-gameWords.debug.xcconfig */ = {isa = PBXFileReference; includeInIndex = 1; lastKnownFileType = text.xcconfig; name = "Pods-gameWords.debug.xcconfig"; path = "Target Support Files/Pods-gameWords/Pods-gameWords.debug.xcconfig"; sourceTree = "<group>"; };
		9B697BB7229281CA005BCBFA /* CustomCell.swift */ = {isa = PBXFileReference; lastKnownFileType = sourcecode.swift; path = CustomCell.swift; sourceTree = "<group>"; };
		9B802296223D86050008FC5A /* gameWords.app */ = {isa = PBXFileReference; explicitFileType = wrapper.application; includeInIndex = 0; path = gameWords.app; sourceTree = BUILT_PRODUCTS_DIR; };
		9B802299223D86050008FC5A /* AppDelegate.swift */ = {isa = PBXFileReference; lastKnownFileType = sourcecode.swift; path = AppDelegate.swift; sourceTree = "<group>"; };
		9B80229B223D86050008FC5A /* ViewController.swift */ = {isa = PBXFileReference; lastKnownFileType = sourcecode.swift; path = ViewController.swift; sourceTree = "<group>"; };
		9B80229E223D86050008FC5A /* Base */ = {isa = PBXFileReference; lastKnownFileType = file.storyboard; name = Base; path = Base.lproj/Main.storyboard; sourceTree = "<group>"; };
		9B8022A0223D86080008FC5A /* Assets.xcassets */ = {isa = PBXFileReference; lastKnownFileType = folder.assetcatalog; path = Assets.xcassets; sourceTree = "<group>"; };
		9B8022A3223D86080008FC5A /* Base */ = {isa = PBXFileReference; lastKnownFileType = file.storyboard; name = Base; path = Base.lproj/LaunchScreen.storyboard; sourceTree = "<group>"; };
		9B8022A5223D86080008FC5A /* Info.plist */ = {isa = PBXFileReference; lastKnownFileType = text.plist.xml; path = Info.plist; sourceTree = "<group>"; };
		9B8022AB223D893D0008FC5A /* GoogleService-Info.plist */ = {isa = PBXFileReference; fileEncoding = 4; lastKnownFileType = text.plist.xml; path = "GoogleService-Info.plist"; sourceTree = "<group>"; };
		9B8022AD223D8DA00008FC5A /* gameWords.entitlements */ = {isa = PBXFileReference; lastKnownFileType = text.plist.entitlements; path = gameWords.entitlements; sourceTree = "<group>"; };
		9B8022AE223D93440008FC5A /* SignUpViewController.swift */ = {isa = PBXFileReference; lastKnownFileType = sourcecode.swift; path = SignUpViewController.swift; sourceTree = "<group>"; };
		9B8022B0223D934E0008FC5A /* LoginViewController.swift */ = {isa = PBXFileReference; lastKnownFileType = sourcecode.swift; path = LoginViewController.swift; sourceTree = "<group>"; };
		9B940DFE22509EC20062EB50 /* VollkornSC-Bold.ttf */ = {isa = PBXFileReference; lastKnownFileType = file; path = "VollkornSC-Bold.ttf"; sourceTree = "<group>"; };
		9B940DFF22509EC20062EB50 /* VollkornSC-Black.ttf */ = {isa = PBXFileReference; lastKnownFileType = file; path = "VollkornSC-Black.ttf"; sourceTree = "<group>"; };
		9B940E0022509EC20062EB50 /* VollkornSC-SemiBold.ttf */ = {isa = PBXFileReference; lastKnownFileType = file; path = "VollkornSC-SemiBold.ttf"; sourceTree = "<group>"; };
		9B940E0122509EC20062EB50 /* VollkornSC-Regular.ttf */ = {isa = PBXFileReference; lastKnownFileType = file; path = "VollkornSC-Regular.ttf"; sourceTree = "<group>"; };
		9BA7DDD7224BDEB500B6D103 /* HomeViewController.swift */ = {isa = PBXFileReference; lastKnownFileType = sourcecode.swift; path = HomeViewController.swift; sourceTree = "<group>"; };
		9BAE78E52291771C007C29D9 /* GameController.swift */ = {isa = PBXFileReference; lastKnownFileType = sourcecode.swift; path = GameController.swift; sourceTree = "<group>"; };
		9BAE78E7229179E5007C29D9 /* Question.swift */ = {isa = PBXFileReference; lastKnownFileType = sourcecode.swift; path = Question.swift; sourceTree = "<group>"; };
		9BF2B26E22A3F71900F72F4C /* OpponentsCell.swift */ = {isa = PBXFileReference; lastKnownFileType = sourcecode.swift; path = OpponentsCell.swift; sourceTree = "<group>"; };
		9BF2B27022A401E200F72F4C /* CustomCell2.swift */ = {isa = PBXFileReference; lastKnownFileType = sourcecode.swift; path = CustomCell2.swift; sourceTree = "<group>"; };
		9BF8A0CC2292B7BF00B492B7 /* GameMenuController.swift */ = {isa = PBXFileReference; lastKnownFileType = sourcecode.swift; path = GameMenuController.swift; sourceTree = "<group>"; };
/* End PBXFileReference section */

/* Begin PBXFrameworksBuildPhase section */
		9B802293223D86050008FC5A /* Frameworks */ = {
			isa = PBXFrameworksBuildPhase;
			buildActionMask = 2147483647;
			files = (
				109B02311B27A8FD52894320 /* Pods_gameWords.framework in Frameworks */,
			);
			runOnlyForDeploymentPostprocessing = 0;
		};
/* End PBXFrameworksBuildPhase section */

/* Begin PBXGroup section */
		1A6A4C6C43B1D64508405A4B /* Frameworks */ = {
			isa = PBXGroup;
			children = (
				7F2D5044D4A67A69F2F0D826 /* Pods_gameWords.framework */,
			);
			name = Frameworks;
			sourceTree = "<group>";
		};
		6B46EC4C8E526A2A9BF4B155 /* Pods */ = {
			isa = PBXGroup;
			children = (
				814AA2DAC9C875CAD4C4314A /* Pods-gameWords.debug.xcconfig */,
				79490A98E4BEB3E2F7E85FE5 /* Pods-gameWords.release.xcconfig */,
			);
			path = Pods;
			sourceTree = "<group>";
		};
		9B80228D223D86050008FC5A = {
			isa = PBXGroup;
			children = (
				9B802298223D86050008FC5A /* gameWords */,
				9B802297223D86050008FC5A /* Products */,
				6B46EC4C8E526A2A9BF4B155 /* Pods */,
				1A6A4C6C43B1D64508405A4B /* Frameworks */,
			);
			sourceTree = "<group>";
		};
		9B802297223D86050008FC5A /* Products */ = {
			isa = PBXGroup;
			children = (
				9B802296223D86050008FC5A /* gameWords.app */,
			);
			name = Products;
			sourceTree = "<group>";
		};
		9B802298223D86050008FC5A /* gameWords */ = {
			isa = PBXGroup;
			children = (
				9B940DFD22509EAB0062EB50 /* fonts */,
				9B8022AD223D8DA00008FC5A /* gameWords.entitlements */,
				9B8022AB223D893D0008FC5A /* GoogleService-Info.plist */,
				9B802299223D86050008FC5A /* AppDelegate.swift */,
				9B80229B223D86050008FC5A /* ViewController.swift */,
				50760F1D22A61C5D00A07291 /* InfoViewController.swift */,
				50760F1F22A61CA000A07291 /* InfoTableViewCell.swift */,
				50760F2122A61D6C00A07291 /* DetailViewController.swift */,
				9B80229D223D86050008FC5A /* Main.storyboard */,
				9B8022A0223D86080008FC5A /* Assets.xcassets */,
				9B8022A2223D86080008FC5A /* LaunchScreen.storyboard */,
				9B8022A5223D86080008FC5A /* Info.plist */,
				9B8022AE223D93440008FC5A /* SignUpViewController.swift */,
				9B8022B0223D934E0008FC5A /* LoginViewController.swift */,
				9BA7DDD7224BDEB500B6D103 /* HomeViewController.swift */,
				2D39AE1022638DBB00B7B061 /* ListOpponentsViewController.swift */,
				9BAE78E52291771C007C29D9 /* GameController.swift */,
				9BAE78E7229179E5007C29D9 /* Question.swift */,
				9B697BB7229281CA005BCBFA /* CustomCell.swift */,
				9BF8A0CC2292B7BF00B492B7 /* GameMenuController.swift */,
				9BF2B26E22A3F71900F72F4C /* OpponentsCell.swift */,
				9BF2B27022A401E200F72F4C /* CustomCell2.swift */,
			);
			path = gameWords;
			sourceTree = "<group>";
		};
		9B940DFD22509EAB0062EB50 /* fonts */ = {
			isa = PBXGroup;
			children = (
				9B940DFF22509EC20062EB50 /* VollkornSC-Black.ttf */,
				9B940DFE22509EC20062EB50 /* VollkornSC-Bold.ttf */,
				9B940E0122509EC20062EB50 /* VollkornSC-Regular.ttf */,
				9B940E0022509EC20062EB50 /* VollkornSC-SemiBold.ttf */,
			);
			path = fonts;
			sourceTree = "<group>";
		};
/* End PBXGroup section */

/* Begin PBXNativeTarget section */
		9B802295223D86050008FC5A /* gameWords */ = {
			isa = PBXNativeTarget;
			buildConfigurationList = 9B8022A8223D86080008FC5A /* Build configuration list for PBXNativeTarget "gameWords" */;
			buildPhases = (
				9E97CA93F97A352DBC3ECEB0 /* [CP] Check Pods Manifest.lock */,
				9B802292223D86050008FC5A /* Sources */,
				9B802293223D86050008FC5A /* Frameworks */,
				9B802294223D86050008FC5A /* Resources */,
				DDB09AC819BEFAB90DED2CCD /* [CP] Embed Pods Frameworks */,
				A03F9C51FB7E2CFDD2D86084 /* [CP] Copy Pods Resources */,
			);
			buildRules = (
			);
			dependencies = (
			);
			name = gameWords;
			productName = gameWords;
			productReference = 9B802296223D86050008FC5A /* gameWords.app */;
			productType = "com.apple.product-type.application";
		};
/* End PBXNativeTarget section */

/* Begin PBXProject section */
		9B80228E223D86050008FC5A /* Project object */ = {
			isa = PBXProject;
			attributes = {
				LastSwiftUpdateCheck = 1010;
				LastUpgradeCheck = 1010;
				ORGANIZATIONNAME = example;
				TargetAttributes = {
					9B802295223D86050008FC5A = {
						CreatedOnToolsVersion = 10.1;
						SystemCapabilities = {
							com.apple.Keychain = {
								enabled = 1;
							};
						};
					};
				};
			};
			buildConfigurationList = 9B802291223D86050008FC5A /* Build configuration list for PBXProject "gameWords" */;
			compatibilityVersion = "Xcode 9.3";
			developmentRegion = en;
			hasScannedForEncodings = 0;
			knownRegions = (
				en,
				Base,
			);
			mainGroup = 9B80228D223D86050008FC5A;
			productRefGroup = 9B802297223D86050008FC5A /* Products */;
			projectDirPath = "";
			projectRoot = "";
			targets = (
				9B802295223D86050008FC5A /* gameWords */,
			);
		};
/* End PBXProject section */

/* Begin PBXResourcesBuildPhase section */
		9B802294223D86050008FC5A /* Resources */ = {
			isa = PBXResourcesBuildPhase;
			buildActionMask = 2147483647;
			files = (
				9B8022A4223D86080008FC5A /* LaunchScreen.storyboard in Resources */,
				9B8022A1223D86080008FC5A /* Assets.xcassets in Resources */,
				9B8022AC223D893D0008FC5A /* GoogleService-Info.plist in Resources */,
				9B80229F223D86050008FC5A /* Main.storyboard in Resources */,
			);
			runOnlyForDeploymentPostprocessing = 0;
		};
/* End PBXResourcesBuildPhase section */

/* Begin PBXShellScriptBuildPhase section */
		9E97CA93F97A352DBC3ECEB0 /* [CP] Check Pods Manifest.lock */ = {
			isa = PBXShellScriptBuildPhase;
			buildActionMask = 2147483647;
			files = (
			);
			inputFileListPaths = (
			);
			inputPaths = (
				"${PODS_PODFILE_DIR_PATH}/Podfile.lock",
				"${PODS_ROOT}/Manifest.lock",
			);
			name = "[CP] Check Pods Manifest.lock";
			outputFileListPaths = (
			);
			outputPaths = (
				"$(DERIVED_FILE_DIR)/Pods-gameWords-checkManifestLockResult.txt",
			);
			runOnlyForDeploymentPostprocessing = 0;
			shellPath = /bin/sh;
			shellScript = "diff \"${PODS_PODFILE_DIR_PATH}/Podfile.lock\" \"${PODS_ROOT}/Manifest.lock\" > /dev/null\nif [ $? != 0 ] ; then\n    # print error to STDERR\n    echo \"error: The sandbox is not in sync with the Podfile.lock. Run 'pod install' or update your CocoaPods installation.\" >&2\n    exit 1\nfi\n# This output is used by Xcode 'outputs' to avoid re-running this script phase.\necho \"SUCCESS\" > \"${SCRIPT_OUTPUT_FILE_0}\"\n";
			showEnvVarsInLog = 0;
		};
		A03F9C51FB7E2CFDD2D86084 /* [CP] Copy Pods Resources */ = {
			isa = PBXShellScriptBuildPhase;
			buildActionMask = 2147483647;
			files = (
			);
			inputFileListPaths = (
			);
			inputPaths = (
				"${PODS_ROOT}/Target Support Files/Pods-gameWords/Pods-gameWords-resources.sh",
				"${PODS_CONFIGURATION_BUILD_DIR}/FirebaseUI/FirebaseAuthUI.bundle",
			);
			name = "[CP] Copy Pods Resources";
			outputFileListPaths = (
			);
			outputPaths = (
				"${TARGET_BUILD_DIR}/${UNLOCALIZED_RESOURCES_FOLDER_PATH}/FirebaseAuthUI.bundle",
			);
			runOnlyForDeploymentPostprocessing = 0;
			shellPath = /bin/sh;
			shellScript = "\"${PODS_ROOT}/Target Support Files/Pods-gameWords/Pods-gameWords-resources.sh\"\n";
			showEnvVarsInLog = 0;
		};
		DDB09AC819BEFAB90DED2CCD /* [CP] Embed Pods Frameworks */ = {
			isa = PBXShellScriptBuildPhase;
			buildActionMask = 2147483647;
			files = (
			);
			inputFileListPaths = (
			);
			inputPaths = (
				"${PODS_ROOT}/Target Support Files/Pods-gameWords/Pods-gameWords-frameworks.sh",
				"${BUILT_PRODUCTS_DIR}/GTMSessionFetcher/GTMSessionFetcher.framework",
				"${BUILT_PRODUCTS_DIR}/GoogleUtilities/GoogleUtilities.framework",
				"${BUILT_PRODUCTS_DIR}/nanopb/nanopb.framework",
			);
			name = "[CP] Embed Pods Frameworks";
			outputFileListPaths = (
			);
			outputPaths = (
				"${TARGET_BUILD_DIR}/${FRAMEWORKS_FOLDER_PATH}/GTMSessionFetcher.framework",
				"${TARGET_BUILD_DIR}/${FRAMEWORKS_FOLDER_PATH}/GoogleUtilities.framework",
				"${TARGET_BUILD_DIR}/${FRAMEWORKS_FOLDER_PATH}/nanopb.framework",
			);
			runOnlyForDeploymentPostprocessing = 0;
			shellPath = /bin/sh;
			shellScript = "\"${PODS_ROOT}/Target Support Files/Pods-gameWords/Pods-gameWords-frameworks.sh\"\n";
			showEnvVarsInLog = 0;
		};
/* End PBXShellScriptBuildPhase section */

/* Begin PBXSourcesBuildPhase section */
		9B802292223D86050008FC5A /* Sources */ = {
			isa = PBXSourcesBuildPhase;
			buildActionMask = 2147483647;
			files = (
				9BF8A0CD2292B7BF00B492B7 /* GameMenuController.swift in Sources */,
				9BA7DDD8224BDEB500B6D103 /* HomeViewController.swift in Sources */,
				9BAE78E8229179E5007C29D9 /* Question.swift in Sources */,
				2D39AE1122638DBB00B7B061 /* ListOpponentsViewController.swift in Sources */,
				9BF2B26F22A3F71900F72F4C /* OpponentsCell.swift in Sources */,
				9B8022B1223D934E0008FC5A /* LoginViewController.swift in Sources */,
				9B697BB8229281CA005BCBFA /* CustomCell.swift in Sources */,
				9B8022AF223D93440008FC5A /* SignUpViewController.swift in Sources */,
				9B80229C223D86050008FC5A /* ViewController.swift in Sources */,
				50760F1E22A61C5D00A07291 /* InfoViewController.swift in Sources */,
				9BF2B27122A401E200F72F4C /* CustomCell2.swift in Sources */,
				50760F2022A61CA000A07291 /* InfoTableViewCell.swift in Sources */,
				50760F2222A61D6C00A07291 /* DetailViewController.swift in Sources */,
				9B80229A223D86050008FC5A /* AppDelegate.swift in Sources */,
				9BAE78E62291771C007C29D9 /* GameController.swift in Sources */,
			);
			runOnlyForDeploymentPostprocessing = 0;
		};
/* End PBXSourcesBuildPhase section */

/* Begin PBXVariantGroup section */
		9B80229D223D86050008FC5A /* Main.storyboard */ = {
			isa = PBXVariantGroup;
			children = (
				9B80229E223D86050008FC5A /* Base */,
			);
			name = Main.storyboard;
			sourceTree = "<group>";
		};
		9B8022A2223D86080008FC5A /* LaunchScreen.storyboard */ = {
			isa = PBXVariantGroup;
			children = (
				9B8022A3223D86080008FC5A /* Base */,
			);
			name = LaunchScreen.storyboard;
			sourceTree = "<group>";
		};
/* End PBXVariantGroup section */

/* Begin XCBuildConfiguration section */
		9B8022A6223D86080008FC5A /* Debug */ = {
			isa = XCBuildConfiguration;
			buildSettings = {
				ALWAYS_SEARCH_USER_PATHS = NO;
				CLANG_ANALYZER_NONNULL = YES;
				CLANG_ANALYZER_NUMBER_OBJECT_CONVERSION = YES_AGGRESSIVE;
				CLANG_CXX_LANGUAGE_STANDARD = "gnu++14";
				CLANG_CXX_LIBRARY = "libc++";
				CLANG_ENABLE_MODULES = YES;
				CLANG_ENABLE_OBJC_ARC = YES;
				CLANG_ENABLE_OBJC_WEAK = YES;
				CLANG_WARN_BLOCK_CAPTURE_AUTORELEASING = YES;
				CLANG_WARN_BOOL_CONVERSION = YES;
				CLANG_WARN_COMMA = YES;
				CLANG_WARN_CONSTANT_CONVERSION = YES;
				CLANG_WARN_DEPRECATED_OBJC_IMPLEMENTATIONS = YES;
				CLANG_WARN_DIRECT_OBJC_ISA_USAGE = YES_ERROR;
				CLANG_WARN_DOCUMENTATION_COMMENTS = YES;
				CLANG_WARN_EMPTY_BODY = YES;
				CLANG_WARN_ENUM_CONVERSION = YES;
				CLANG_WARN_INFINITE_RECURSION = YES;
				CLANG_WARN_INT_CONVERSION = YES;
				CLANG_WARN_NON_LITERAL_NULL_CONVERSION = YES;
				CLANG_WARN_OBJC_IMPLICIT_RETAIN_SELF = YES;
				CLANG_WARN_OBJC_LITERAL_CONVERSION = YES;
				CLANG_WARN_OBJC_ROOT_CLASS = YES_ERROR;
				CLANG_WARN_RANGE_LOOP_ANALYSIS = YES;
				CLANG_WARN_STRICT_PROTOTYPES = YES;
				CLANG_WARN_SUSPICIOUS_MOVE = YES;
				CLANG_WARN_UNGUARDED_AVAILABILITY = YES_AGGRESSIVE;
				CLANG_WARN_UNREACHABLE_CODE = YES;
				CLANG_WARN__DUPLICATE_METHOD_MATCH = YES;
				CODE_SIGN_IDENTITY = "iPhone Developer";
				COPY_PHASE_STRIP = NO;
				DEBUG_INFORMATION_FORMAT = dwarf;
				ENABLE_STRICT_OBJC_MSGSEND = YES;
				ENABLE_TESTABILITY = YES;
				GCC_C_LANGUAGE_STANDARD = gnu11;
				GCC_DYNAMIC_NO_PIC = NO;
				GCC_NO_COMMON_BLOCKS = YES;
				GCC_OPTIMIZATION_LEVEL = 0;
				GCC_PREPROCESSOR_DEFINITIONS = (
					"DEBUG=1",
					"$(inherited)",
				);
				GCC_WARN_64_TO_32_BIT_CONVERSION = YES;
				GCC_WARN_ABOUT_RETURN_TYPE = YES_ERROR;
				GCC_WARN_UNDECLARED_SELECTOR = YES;
				GCC_WARN_UNINITIALIZED_AUTOS = YES_AGGRESSIVE;
				GCC_WARN_UNUSED_FUNCTION = YES;
				GCC_WARN_UNUSED_VARIABLE = YES;
				IPHONEOS_DEPLOYMENT_TARGET = 12.1;
				MTL_ENABLE_DEBUG_INFO = INCLUDE_SOURCE;
				MTL_FAST_MATH = YES;
				ONLY_ACTIVE_ARCH = YES;
				SDKROOT = iphoneos;
				SWIFT_ACTIVE_COMPILATION_CONDITIONS = DEBUG;
				SWIFT_OPTIMIZATION_LEVEL = "-Onone";
			};
			name = Debug;
		};
		9B8022A7223D86080008FC5A /* Release */ = {
			isa = XCBuildConfiguration;
			buildSettings = {
				ALWAYS_SEARCH_USER_PATHS = NO;
				CLANG_ANALYZER_NONNULL = YES;
				CLANG_ANALYZER_NUMBER_OBJECT_CONVERSION = YES_AGGRESSIVE;
				CLANG_CXX_LANGUAGE_STANDARD = "gnu++14";
				CLANG_CXX_LIBRARY = "libc++";
				CLANG_ENABLE_MODULES = YES;
				CLANG_ENABLE_OBJC_ARC = YES;
				CLANG_ENABLE_OBJC_WEAK = YES;
				CLANG_WARN_BLOCK_CAPTURE_AUTORELEASING = YES;
				CLANG_WARN_BOOL_CONVERSION = YES;
				CLANG_WARN_COMMA = YES;
				CLANG_WARN_CONSTANT_CONVERSION = YES;
				CLANG_WARN_DEPRECATED_OBJC_IMPLEMENTATIONS = YES;
				CLANG_WARN_DIRECT_OBJC_ISA_USAGE = YES_ERROR;
				CLANG_WARN_DOCUMENTATION_COMMENTS = YES;
				CLANG_WARN_EMPTY_BODY = YES;
				CLANG_WARN_ENUM_CONVERSION = YES;
				CLANG_WARN_INFINITE_RECURSION = YES;
				CLANG_WARN_INT_CONVERSION = YES;
				CLANG_WARN_NON_LITERAL_NULL_CONVERSION = YES;
				CLANG_WARN_OBJC_IMPLICIT_RETAIN_SELF = YES;
				CLANG_WARN_OBJC_LITERAL_CONVERSION = YES;
				CLANG_WARN_OBJC_ROOT_CLASS = YES_ERROR;
				CLANG_WARN_RANGE_LOOP_ANALYSIS = YES;
				CLANG_WARN_STRICT_PROTOTYPES = YES;
				CLANG_WARN_SUSPICIOUS_MOVE = YES;
				CLANG_WARN_UNGUARDED_AVAILABILITY = YES_AGGRESSIVE;
				CLANG_WARN_UNREACHABLE_CODE = YES;
				CLANG_WARN__DUPLICATE_METHOD_MATCH = YES;
				CODE_SIGN_IDENTITY = "iPhone Developer";
				COPY_PHASE_STRIP = NO;
				DEBUG_INFORMATION_FORMAT = "dwarf-with-dsym";
				ENABLE_NS_ASSERTIONS = NO;
				ENABLE_STRICT_OBJC_MSGSEND = YES;
				GCC_C_LANGUAGE_STANDARD = gnu11;
				GCC_NO_COMMON_BLOCKS = YES;
				GCC_WARN_64_TO_32_BIT_CONVERSION = YES;
				GCC_WARN_ABOUT_RETURN_TYPE = YES_ERROR;
				GCC_WARN_UNDECLARED_SELECTOR = YES;
				GCC_WARN_UNINITIALIZED_AUTOS = YES_AGGRESSIVE;
				GCC_WARN_UNUSED_FUNCTION = YES;
				GCC_WARN_UNUSED_VARIABLE = YES;
				IPHONEOS_DEPLOYMENT_TARGET = 12.1;
				MTL_ENABLE_DEBUG_INFO = NO;
				MTL_FAST_MATH = YES;
				SDKROOT = iphoneos;
				SWIFT_COMPILATION_MODE = wholemodule;
				SWIFT_OPTIMIZATION_LEVEL = "-O";
				VALIDATE_PRODUCT = YES;
			};
			name = Release;
		};
		9B8022A9223D86080008FC5A /* Debug */ = {
			isa = XCBuildConfiguration;
			baseConfigurationReference = 814AA2DAC9C875CAD4C4314A /* Pods-gameWords.debug.xcconfig */;
			buildSettings = {
				ASSETCATALOG_COMPILER_APPICON_NAME = AppIcon;
				CODE_SIGN_ENTITLEMENTS = gameWords/gameWords.entitlements;
				CODE_SIGN_STYLE = Automatic;
				DEVELOPMENT_TEAM = QK4VS939WN;
				INFOPLIST_FILE = gameWords/Info.plist;
				IPHONEOS_DEPLOYMENT_TARGET = 11.3;
				LD_RUNPATH_SEARCH_PATHS = (
					"$(inherited)",
					"@executable_path/Frameworks",
				);
				PRODUCT_BUNDLE_IDENTIFIER = com.example.gameWords;
				PRODUCT_NAME = "$(TARGET_NAME)";
				SWIFT_VERSION = 4.2;
				TARGETED_DEVICE_FAMILY = "1,2";
			};
			name = Debug;
		};
		9B8022AA223D86080008FC5A /* Release */ = {
			isa = XCBuildConfiguration;
			baseConfigurationReference = 79490A98E4BEB3E2F7E85FE5 /* Pods-gameWords.release.xcconfig */;
			buildSettings = {
				ASSETCATALOG_COMPILER_APPICON_NAME = AppIcon;
				CODE_SIGN_ENTITLEMENTS = gameWords/gameWords.entitlements;
				CODE_SIGN_STYLE = Automatic;
				DEVELOPMENT_TEAM = QK4VS939WN;
				INFOPLIST_FILE = gameWords/Info.plist;
				IPHONEOS_DEPLOYMENT_TARGET = 11.3;
				LD_RUNPATH_SEARCH_PATHS = (
					"$(inherited)",
					"@executable_path/Frameworks",
				);
				PRODUCT_BUNDLE_IDENTIFIER = com.example.gameWords;
				PRODUCT_NAME = "$(TARGET_NAME)";
				SWIFT_VERSION = 4.2;
				TARGETED_DEVICE_FAMILY = "1,2";
			};
			name = Release;
		};
/* End XCBuildConfiguration section */

/* Begin XCConfigurationList section */
		9B802291223D86050008FC5A /* Build configuration list for PBXProject "gameWords" */ = {
			isa = XCConfigurationList;
			buildConfigurations = (
				9B8022A6223D86080008FC5A /* Debug */,
				9B8022A7223D86080008FC5A /* Release */,
			);
			defaultConfigurationIsVisible = 0;
			defaultConfigurationName = Release;
		};
		9B8022A8223D86080008FC5A /* Build configuration list for PBXNativeTarget "gameWords" */ = {
			isa = XCConfigurationList;
			buildConfigurations = (
				9B8022A9223D86080008FC5A /* Debug */,
				9B8022AA223D86080008FC5A /* Release */,
			);
			defaultConfigurationIsVisible = 0;
			defaultConfigurationName = Release;
		};
/* End XCConfigurationList section */
	};
	rootObject = 9B80228E223D86050008FC5A /* Project object */;
}
